
Microsoft Visual Studio Solution File, Format Version 12.00
# Visual Studio 15
VisualStudioVersion = 15.0.26730.16
MinimumVisualStudioVersion = 10.0.40219.1
Project("{FAE04EC0-301F-11D3-BF4B-00C04F79EFBC}") = "ajaxbindingwithcrud", "gridmvclocalization\ajaxbindingwithcrud.csproj", "{5E77A3A4-DF48-46BD-9422-72DF0DBBD3D5}"
EndProject
Global
	GlobalSection(SolutionConfigurationPlatforms) = preSolution
		Debug|Any CPU = Debug|Any CPU
		Release|Any CPU = Release|Any CPU
	EndGlobalSection
	GlobalSection(ProjectConfigurationPlatforms) = postSolution
		{5E77A3A4-DF48-46BD-9422-72DF0DBBD3D5}.Debug|Any CPU.ActiveCfg = Debug|Any CPU
		{5E77A3A4-DF48-46BD-9422-72DF0DBBD3D5}.Debug|Any CPU.Build.0 = Debug|Any CPU
		{5E77A3A4-DF48-46BD-9422-72DF0DBBD3D5}.Release|Any CPU.ActiveCfg = Release|Any CPU
		{5E77A3A4-DF48-46BD-9422-72DF0DBBD3D5}.Release|Any CPU.Build.0 = Release|Any CPU
	EndGlobalSection
	GlobalSection(SolutionProperties) = preSolution
		HideSolutionNode = FALSE
	EndGlobalSection
	GlobalSection(ExtensibilityGlobals) = postSolution
		SolutionGuid = {6B621674-E1D9-4805-AA3A-FD07A8B6A2A8}
	EndGlobalSection
EndGlobal
